<Solution>
  <Folder Name="/src/">
    <Project Path="src/ZM.RateLimiter.Api/ZM.RateLimiter.Api.csproj" />
    <Project Path="src/ZM.RateLimiter.Core/ZM.RateLimiter.Core.csproj" />
    <Project Path="src/ZM.RateLimiter.Redis/ZM.RateLimiter.Redis.csproj" />
  </Folder>
  <Folder Name="/tests/">
    <Project Path="tests/ZM.RateLimiter.Api.IntegrationTests/ZM.RateLimiter.Api.IntegrationTests.csproj" />
    <Project Path="tests/ZM.RateLimiter.Api.UnitTests/ZM.RateLimiter.Api.UnitTests.csproj" />
    <Project Path="tests/ZM.RateLimiter.Core.IntegrationTests/ZM.RateLimiter.Core.IntegrationTests.csproj" />
    <Project Path="tests/ZM.RateLimiter.Redis.IntegrationTests/ZM.RateLimiter.Redis.IntegrationTests.csproj" />
  </Folder>
  <Project Path="docker-compose.dcproj">
    <Build />
  </Project>
</Solution>
